{
    "name": "stylusdb-sql-demo",
    "version": "0.0.0",
    "lockfileVersion": 3,
    "requires": true,
    "packages": {
        "": {
            "name": "stylusdb-sql-demo",
            "version": "0.0.0",
            "license": "ISC",
            "dependencies": {
                "node-pty": "^1.0.0",
                "stylusdb-sql": "^0.1.5",
                "ws": "^8.16.0"
            }
        },
        "node_modules/@streamparser/json": {
            "version": "0.0.6",
            "resolved": "https://registry.npmjs.org/@streamparser/json/-/json-0.0.6.tgz",
            "integrity": "sha512-vL9EVn/v+OhZ+Wcs6O4iKE9EUpwHUqHmCtNUMWjqp+6dr85+XPOSGTEsqYNq1Vn04uk9SWlOVmx9J48ggJVT2Q=="
        },
        "node_modules/commander": {
            "version": "6.2.1",
            "resolved": "https://registry.npmjs.org/commander/-/commander-6.2.1.tgz",
            "integrity": "sha512-U7VdrJFnJgo4xjrHpTzu0yrHPGImdsmD95ZlgYSEajAn2JKzDhDTPG9kBTefmObL2w/ngeZnilk+OV9CG3d7UA==",
            "engines": {
                "node": ">= 6"
            }
        },
        "node_modules/csv-parser": {
            "version": "3.0.0",
            "resolved": "https://registry.npmjs.org/csv-parser/-/csv-parser-3.0.0.tgz",
            "integrity": "sha512-s6OYSXAK3IdKqYO33y09jhypG/bSDHPuyCme/IdEHfWpLf/jKcpitVFyOC6UemgGk8v7Q5u2XE0vvwmanxhGlQ==",
            "dependencies": {
                "minimist": "^1.2.0"
            },
            "bin": {
                "csv-parser": "bin/csv-parser"
            },
            "engines": {
                "node": ">= 10"
            }
        },
        "node_modules/json2csv": {
            "version": "6.0.0-alpha.2",
            "resolved": "https://registry.npmjs.org/json2csv/-/json2csv-6.0.0-alpha.2.tgz",
            "integrity": "sha512-nJ3oP6QxN8z69IT1HmrJdfVxhU1kLTBVgMfRnNZc37YEY+jZ4nU27rBGxT4vaqM/KUCavLRhntmTuBFqZLBUcA==",
            "dependencies": {
                "@streamparser/json": "^0.0.6",
                "commander": "^6.2.0",
                "lodash.get": "^4.4.2"
            },
            "bin": {
                "json2csv": "bin/json2csv.js"
            },
            "engines": {
                "node": ">= 12",
                "npm": ">= 6.13.0"
            }
        },
        "node_modules/lodash.get": {
            "version": "4.4.2",
            "resolved": "https://registry.npmjs.org/lodash.get/-/lodash.get-4.4.2.tgz",
            "integrity": "sha512-z+Uw/vLuy6gQe8cfaFWD7p0wVv8fJl3mbzXh33RS+0oW2wvUqiRXiQ69gLWSLpgB5/6sU+r6BlQR0MBILadqTQ=="
        },
        "node_modules/minimist": {
            "version": "1.2.8",
            "resolved": "https://registry.npmjs.org/minimist/-/minimist-1.2.8.tgz",
            "integrity": "sha512-2yyAR8qBkN3YuheJanUpWC5U3bb5osDywNB8RzDVlDwDHbocAJveqqj1u8+SVD7jkWT4yvsHCpWqqWqAxb0zCA==",
            "funding": {
                "url": "https://github.com/sponsors/ljharb"
            }
        },
        "node_modules/nan": {
            "version": "2.18.0",
            "resolved": "https://registry.npmjs.org/nan/-/nan-2.18.0.tgz",
            "integrity": "sha512-W7tfG7vMOGtD30sHoZSSc/JVYiyDPEyQVso/Zz+/uQd0B0L46gtC+pHha5FFMRpil6fm/AoEcRWyOVi4+E/f8w=="
        },
        "node_modules/node-pty": {
            "version": "1.0.0",
            "resolved": "https://registry.npmjs.org/node-pty/-/node-pty-1.0.0.tgz",
            "integrity": "sha512-wtBMWWS7dFZm/VgqElrTvtfMq4GzJ6+edFI0Y0zyzygUSZMgZdraDUMUhCIvkjhJjme15qWmbyJbtAx4ot4uZA==",
            "hasInstallScript": true,
            "dependencies": {
                "nan": "^2.17.0"
            }
        },
        "node_modules/stylusdb-sql": {
            "version": "0.1.5",
            "resolved": "https://registry.npmjs.org/stylusdb-sql/-/stylusdb-sql-0.1.5.tgz",
            "integrity": "sha512-zHd5OFozS5szbLOhx9nIJxY3HKAhjQ3mW9WXJ9PiHQACfD9nPms2pw2eCFll36dLqUQc7jPAK3j3oUDTX0Hm1Q==",
            "dependencies": {
                "csv-parser": "^3.0.0",
                "json2csv": "^6.0.0-alpha.2"
            },
            "bin": {
                "stylusdb-cli": "node ./src/cli.js"
            }
        },
        "node_modules/ws": {
            "version": "8.16.0",
            "resolved": "https://registry.npmjs.org/ws/-/ws-8.16.0.tgz",
            "integrity": "sha512-HS0c//TP7Ina87TfiPUz1rQzMhHrl/SG2guqRcTOIUYD2q8uhUdNHZYJUaQ8aTGPzCh+c6oawMKW35nFl1dxyQ==",
            "engines": {
                "node": ">=10.0.0"
            },
            "peerDependencies": {
                "bufferutil": "^4.0.1",
                "utf-8-validate": ">=5.0.2"
            },
            "peerDependenciesMeta": {
                "bufferutil": {
                    "optional": true
                },
                "utf-8-validate": {
                    "optional": true
                }
            }
        }
    }
}
